
Microsoft Visual Studio Solution File, Format Version 12.00
# Visual Studio Version 17
VisualStudioVersion = 17.11.35312.102
MinimumVisualStudioVersion = 10.0.40219.1
Project("{2150E333-8FDC-42A3-9474-1A3956D46DE8}") = "src", "src", "{0888B86C-31CF-4288-BAE6-27515593310F}"
EndProject
Project("{2150E333-8FDC-42A3-9474-1A3956D46DE8}") = "tests", "tests", "{882D889B-1326-40EF-8FC2-6CB09F27A9D8}"
EndProject
Project("{9A19103F-16F7-4668-BE54-9A1E7A4F7556}") = "MarketToolsV3.Users.UnitTests", "tests\MarketToolsV3.Users.UnitTests\MarketToolsV3.Users.UnitTests.csproj", "{2CCF755E-4740-48E9-9A9F-1944B6A0C569}"
EndProject
Project("{9A19103F-16F7-4668-BE54-9A1E7A4F7556}") = "Identity.Domain", "src\Identity.Domain\Identity.Domain.csproj", "{C4C1A6D0-96F8-4C6B-BB91-789D79BDBFFD}"
EndProject
Project("{9A19103F-16F7-4668-BE54-9A1E7A4F7556}") = "Identity.Infrastructure", "src\Identity.Infrastructure\Identity.Infrastructure.csproj", "{1CC5775C-7B79-41E7-8A87-2D550D0D9F92}"
EndProject
Project("{9A19103F-16F7-4668-BE54-9A1E7A4F7556}") = "Identity.WebApi", "src\Identity.WebApi\Identity.WebApi.csproj", "{1B7D221B-BD4E-4884-BA66-DE99798B1883}"
EndProject
Project("{9A19103F-16F7-4668-BE54-9A1E7A4F7556}") = "MarketToolsV3.ConfigurationManager", "src\MarketToolsV3.ConfigurationManager\MarketToolsV3.ConfigurationManager.csproj", "{8758EE56-E77D-428B-B5B7-04022A555FEE}"
EndProject
Project("{9A19103F-16F7-4668-BE54-9A1E7A4F7556}") = "Identity.Application", "src\Identity.Application\Identity.Application.csproj", "{22074A87-4622-4D1C-B614-D9C5BED913EF}"
EndProject
Project("{9A19103F-16F7-4668-BE54-9A1E7A4F7556}") = "MarketToolsV3.Users.IntegrationTests", "tests\MarketToolsV3.Users.IntegrationTests\MarketToolsV3.Users.IntegrationTests.csproj", "{C897AB32-5B70-446D-A048-8970A826706E}"
EndProject
Project("{9A19103F-16F7-4668-BE54-9A1E7A4F7556}") = "UserNotifications.Domain", "src\UserNotifications.Domain\UserNotifications.Domain.csproj", "{837CBB4D-2A74-4C15-968A-F6BA2EB84E26}"
EndProject
Project("{9A19103F-16F7-4668-BE54-9A1E7A4F7556}") = "UserNotifications.Infrastructure", "src\UserNotifications.Infrastructure\UserNotifications.Infrastructure.csproj", "{CE832266-0D94-4D07-B893-72A854C70072}"
EndProject
Project("{9A19103F-16F7-4668-BE54-9A1E7A4F7556}") = "UserNotifications.Applications", "src\UserNotifications.Applications\UserNotifications.Applications.csproj", "{9127F10F-AC9E-48BF-8BC5-A5793A8FF196}"
EndProject
Project("{9A19103F-16F7-4668-BE54-9A1E7A4F7556}") = "UserNotifications.WebApi", "src\UserNotifications.WebApi\UserNotifications.WebApi.csproj", "{EAE13A8E-18F2-4FD6-94A1-2EA5E61869CE}"
EndProject
Project("{FAE04EC0-301F-11D3-BF4B-00C04F79EFBC}") = "IntegrationEvents.Contract", "src\IntegrationEvents.Contract\IntegrationEvents.Contract.csproj", "{E6082BA0-4F9A-45BF-A209-2DC72D637277}"
EndProject
Global
	GlobalSection(SolutionConfigurationPlatforms) = preSolution
		Debug|Any CPU = Debug|Any CPU
		Release|Any CPU = Release|Any CPU
	EndGlobalSection
	GlobalSection(ProjectConfigurationPlatforms) = postSolution
		{2CCF755E-4740-48E9-9A9F-1944B6A0C569}.Debug|Any CPU.ActiveCfg = Debug|Any CPU
		{2CCF755E-4740-48E9-9A9F-1944B6A0C569}.Debug|Any CPU.Build.0 = Debug|Any CPU
		{2CCF755E-4740-48E9-9A9F-1944B6A0C569}.Release|Any CPU.ActiveCfg = Release|Any CPU
		{2CCF755E-4740-48E9-9A9F-1944B6A0C569}.Release|Any CPU.Build.0 = Release|Any CPU
		{C4C1A6D0-96F8-4C6B-BB91-789D79BDBFFD}.Debug|Any CPU.ActiveCfg = Debug|Any CPU
		{C4C1A6D0-96F8-4C6B-BB91-789D79BDBFFD}.Debug|Any CPU.Build.0 = Debug|Any CPU
		{C4C1A6D0-96F8-4C6B-BB91-789D79BDBFFD}.Release|Any CPU.ActiveCfg = Release|Any CPU
		{C4C1A6D0-96F8-4C6B-BB91-789D79BDBFFD}.Release|Any CPU.Build.0 = Release|Any CPU
		{1CC5775C-7B79-41E7-8A87-2D550D0D9F92}.Debug|Any CPU.ActiveCfg = Debug|Any CPU
		{1CC5775C-7B79-41E7-8A87-2D550D0D9F92}.Debug|Any CPU.Build.0 = Debug|Any CPU
		{1CC5775C-7B79-41E7-8A87-2D550D0D9F92}.Release|Any CPU.ActiveCfg = Release|Any CPU
		{1CC5775C-7B79-41E7-8A87-2D550D0D9F92}.Release|Any CPU.Build.0 = Release|Any CPU
		{1B7D221B-BD4E-4884-BA66-DE99798B1883}.Debug|Any CPU.ActiveCfg = Debug|Any CPU
		{1B7D221B-BD4E-4884-BA66-DE99798B1883}.Debug|Any CPU.Build.0 = Debug|Any CPU
		{1B7D221B-BD4E-4884-BA66-DE99798B1883}.Release|Any CPU.ActiveCfg = Release|Any CPU
		{1B7D221B-BD4E-4884-BA66-DE99798B1883}.Release|Any CPU.Build.0 = Release|Any CPU
		{8758EE56-E77D-428B-B5B7-04022A555FEE}.Debug|Any CPU.ActiveCfg = Debug|Any CPU
		{8758EE56-E77D-428B-B5B7-04022A555FEE}.Debug|Any CPU.Build.0 = Debug|Any CPU
		{8758EE56-E77D-428B-B5B7-04022A555FEE}.Release|Any CPU.ActiveCfg = Release|Any CPU
		{8758EE56-E77D-428B-B5B7-04022A555FEE}.Release|Any CPU.Build.0 = Release|Any CPU
		{22074A87-4622-4D1C-B614-D9C5BED913EF}.Debug|Any CPU.ActiveCfg = Debug|Any CPU
		{22074A87-4622-4D1C-B614-D9C5BED913EF}.Debug|Any CPU.Build.0 = Debug|Any CPU
		{22074A87-4622-4D1C-B614-D9C5BED913EF}.Release|Any CPU.ActiveCfg = Release|Any CPU
		{22074A87-4622-4D1C-B614-D9C5BED913EF}.Release|Any CPU.Build.0 = Release|Any CPU
		{C897AB32-5B70-446D-A048-8970A826706E}.Debug|Any CPU.ActiveCfg = Debug|Any CPU
		{C897AB32-5B70-446D-A048-8970A826706E}.Debug|Any CPU.Build.0 = Debug|Any CPU
		{C897AB32-5B70-446D-A048-8970A826706E}.Release|Any CPU.ActiveCfg = Release|Any CPU
		{C897AB32-5B70-446D-A048-8970A826706E}.Release|Any CPU.Build.0 = Release|Any CPU
		{837CBB4D-2A74-4C15-968A-F6BA2EB84E26}.Debug|Any CPU.ActiveCfg = Debug|Any CPU
		{837CBB4D-2A74-4C15-968A-F6BA2EB84E26}.Debug|Any CPU.Build.0 = Debug|Any CPU
		{837CBB4D-2A74-4C15-968A-F6BA2EB84E26}.Release|Any CPU.ActiveCfg = Release|Any CPU
		{837CBB4D-2A74-4C15-968A-F6BA2EB84E26}.Release|Any CPU.Build.0 = Release|Any CPU
		{CE832266-0D94-4D07-B893-72A854C70072}.Debug|Any CPU.ActiveCfg = Debug|Any CPU
		{CE832266-0D94-4D07-B893-72A854C70072}.Debug|Any CPU.Build.0 = Debug|Any CPU
		{CE832266-0D94-4D07-B893-72A854C70072}.Release|Any CPU.ActiveCfg = Release|Any CPU
		{CE832266-0D94-4D07-B893-72A854C70072}.Release|Any CPU.Build.0 = Release|Any CPU
		{9127F10F-AC9E-48BF-8BC5-A5793A8FF196}.Debug|Any CPU.ActiveCfg = Debug|Any CPU
		{9127F10F-AC9E-48BF-8BC5-A5793A8FF196}.Debug|Any CPU.Build.0 = Debug|Any CPU
		{9127F10F-AC9E-48BF-8BC5-A5793A8FF196}.Release|Any CPU.ActiveCfg = Release|Any CPU
		{9127F10F-AC9E-48BF-8BC5-A5793A8FF196}.Release|Any CPU.Build.0 = Release|Any CPU
		{EAE13A8E-18F2-4FD6-94A1-2EA5E61869CE}.Debug|Any CPU.ActiveCfg = Debug|Any CPU
		{EAE13A8E-18F2-4FD6-94A1-2EA5E61869CE}.Debug|Any CPU.Build.0 = Debug|Any CPU
		{EAE13A8E-18F2-4FD6-94A1-2EA5E61869CE}.Release|Any CPU.ActiveCfg = Release|Any CPU
		{EAE13A8E-18F2-4FD6-94A1-2EA5E61869CE}.Release|Any CPU.Build.0 = Release|Any CPU
		{E6082BA0-4F9A-45BF-A209-2DC72D637277}.Debug|Any CPU.ActiveCfg = Debug|Any CPU
		{E6082BA0-4F9A-45BF-A209-2DC72D637277}.Debug|Any CPU.Build.0 = Debug|Any CPU
		{E6082BA0-4F9A-45BF-A209-2DC72D637277}.Release|Any CPU.ActiveCfg = Release|Any CPU
		{E6082BA0-4F9A-45BF-A209-2DC72D637277}.Release|Any CPU.Build.0 = Release|Any CPU
	EndGlobalSection
	GlobalSection(SolutionProperties) = preSolution
		HideSolutionNode = FALSE
	EndGlobalSection
	GlobalSection(NestedProjects) = preSolution
		{2CCF755E-4740-48E9-9A9F-1944B6A0C569} = {882D889B-1326-40EF-8FC2-6CB09F27A9D8}
		{C4C1A6D0-96F8-4C6B-BB91-789D79BDBFFD} = {0888B86C-31CF-4288-BAE6-27515593310F}
		{1CC5775C-7B79-41E7-8A87-2D550D0D9F92} = {0888B86C-31CF-4288-BAE6-27515593310F}
		{1B7D221B-BD4E-4884-BA66-DE99798B1883} = {0888B86C-31CF-4288-BAE6-27515593310F}
		{8758EE56-E77D-428B-B5B7-04022A555FEE} = {0888B86C-31CF-4288-BAE6-27515593310F}
		{22074A87-4622-4D1C-B614-D9C5BED913EF} = {0888B86C-31CF-4288-BAE6-27515593310F}
		{C897AB32-5B70-446D-A048-8970A826706E} = {882D889B-1326-40EF-8FC2-6CB09F27A9D8}
		{837CBB4D-2A74-4C15-968A-F6BA2EB84E26} = {0888B86C-31CF-4288-BAE6-27515593310F}
		{CE832266-0D94-4D07-B893-72A854C70072} = {0888B86C-31CF-4288-BAE6-27515593310F}
		{9127F10F-AC9E-48BF-8BC5-A5793A8FF196} = {0888B86C-31CF-4288-BAE6-27515593310F}
		{EAE13A8E-18F2-4FD6-94A1-2EA5E61869CE} = {0888B86C-31CF-4288-BAE6-27515593310F}
		{E6082BA0-4F9A-45BF-A209-2DC72D637277} = {0888B86C-31CF-4288-BAE6-27515593310F}
	EndGlobalSection
	GlobalSection(ExtensibilityGlobals) = postSolution
		SolutionGuid = {B32E777C-798B-4741-B238-AD9EFD1193F7}
	EndGlobalSection
EndGlobal
